
Microsoft Visual Studio Solution File, Format Version 12.00
# Visual Studio 15
Project("{FAE04EC0-301F-11D3-BF4B-00C04F79EFBC}") = "testingApp.Android", "testingApp.Android\testingApp.Android.csproj", "{ECCD8A0F-10D4-41EF-87BE-9EEF2B5485A1}"
EndProject
Project("{FAE04EC0-301F-11D3-BF4B-00C04F79EFBC}") = "testingApp.iOS", "testingApp.iOS\testingApp.iOS.csproj", "{2774BA33-D019-420A-B38A-8CE8CE663EFE}"
EndProject
Project("{FAE04EC0-301F-11D3-BF4B-00C04F79EFBC}") = "testingApp", "testingApp\testingApp.csproj", "{95B5A9A4-E52F-4140-98EE-A1F156B34564}"
EndProject
Global
	GlobalSection(SolutionConfigurationPlatforms) = preSolution
		Debug|Any CPU = Debug|Any CPU
		Release|Any CPU = Release|Any CPU
		Debug|iPhoneSimulator = Debug|iPhoneSimulator
		Release|iPhoneSimulator = Release|iPhoneSimulator
		Debug|iPhone = Debug|iPhone
		Release|iPhone = Release|iPhone
		Ad-Hoc|iPhone = Ad-Hoc|iPhone
		AppStore|iPhone = AppStore|iPhone
	EndGlobalSection
	GlobalSection(ProjectConfigurationPlatforms) = postSolution
		{ECCD8A0F-10D4-41EF-87BE-9EEF2B5485A1}.Debug|Any CPU.ActiveCfg = Debug|Any CPU
		{ECCD8A0F-10D4-41EF-87BE-9EEF2B5485A1}.Debug|Any CPU.Build.0 = Debug|Any CPU
		{ECCD8A0F-10D4-41EF-87BE-9EEF2B5485A1}.Release|Any CPU.ActiveCfg = Release|Any CPU
		{ECCD8A0F-10D4-41EF-87BE-9EEF2B5485A1}.Release|Any CPU.Build.0 = Release|Any CPU
		{ECCD8A0F-10D4-41EF-87BE-9EEF2B5485A1}.Debug|iPhoneSimulator.ActiveCfg = Debug|Any CPU
		{ECCD8A0F-10D4-41EF-87BE-9EEF2B5485A1}.Debug|iPhoneSimulator.Build.0 = Debug|Any CPU
		{ECCD8A0F-10D4-41EF-87BE-9EEF2B5485A1}.Release|iPhoneSimulator.ActiveCfg = Release|Any CPU
		{ECCD8A0F-10D4-41EF-87BE-9EEF2B5485A1}.Release|iPhoneSimulator.Build.0 = Release|Any CPU
		{ECCD8A0F-10D4-41EF-87BE-9EEF2B5485A1}.Debug|iPhone.ActiveCfg = Debug|Any CPU
		{ECCD8A0F-10D4-41EF-87BE-9EEF2B5485A1}.Debug|iPhone.Build.0 = Debug|Any CPU
		{ECCD8A0F-10D4-41EF-87BE-9EEF2B5485A1}.Release|iPhone.ActiveCfg = Release|Any CPU
		{ECCD8A0F-10D4-41EF-87BE-9EEF2B5485A1}.Release|iPhone.Build.0 = Release|Any CPU
		{ECCD8A0F-10D4-41EF-87BE-9EEF2B5485A1}.Ad-Hoc|iPhone.ActiveCfg = Debug|Any CPU
		{ECCD8A0F-10D4-41EF-87BE-9EEF2B5485A1}.Ad-Hoc|iPhone.Build.0 = Debug|Any CPU
		{ECCD8A0F-10D4-41EF-87BE-9EEF2B5485A1}.AppStore|iPhone.ActiveCfg = Debug|Any CPU
		{ECCD8A0F-10D4-41EF-87BE-9EEF2B5485A1}.AppStore|iPhone.Build.0 = Debug|Any CPU
		{2774BA33-D019-420A-B38A-8CE8CE663EFE}.Debug|Any CPU.ActiveCfg = Debug|iPhoneSimulator
		{2774BA33-D019-420A-B38A-8CE8CE663EFE}.Debug|Any CPU.Build.0 = Debug|iPhoneSimulator
		{2774BA33-D019-420A-B38A-8CE8CE663EFE}.Release|Any CPU.ActiveCfg = Release|iPhoneSimulator
		{2774BA33-D019-420A-B38A-8CE8CE663EFE}.Release|Any CPU.Build.0 = Release|iPhoneSimulator
		{2774BA33-D019-420A-B38A-8CE8CE663EFE}.Debug|iPhoneSimulator.ActiveCfg = Debug|iPhoneSimulator
		{2774BA33-D019-420A-B38A-8CE8CE663EFE}.Debug|iPhoneSimulator.Build.0 = Debug|iPhoneSimulator
		{2774BA33-D019-420A-B38A-8CE8CE663EFE}.Release|iPhoneSimulator.ActiveCfg = Release|iPhoneSimulator
		{2774BA33-D019-420A-B38A-8CE8CE663EFE}.Release|iPhoneSimulator.Build.0 = Release|iPhoneSimulator
		{2774BA33-D019-420A-B38A-8CE8CE663EFE}.Debug|iPhone.ActiveCfg = Debug|iPhone
		{2774BA33-D019-420A-B38A-8CE8CE663EFE}.Debug|iPhone.Build.0 = Debug|iPhone
		{2774BA33-D019-420A-B38A-8CE8CE663EFE}.Release|iPhone.ActiveCfg = Release|iPhone
		{2774BA33-D019-420A-B38A-8CE8CE663EFE}.Release|iPhone.Build.0 = Release|iPhone
		{2774BA33-D019-420A-B38A-8CE8CE663EFE}.Ad-Hoc|iPhone.ActiveCfg = Ad-Hoc|iPhone
		{2774BA33-D019-420A-B38A-8CE8CE663EFE}.Ad-Hoc|iPhone.Build.0 = Ad-Hoc|iPhone
		{2774BA33-D019-420A-B38A-8CE8CE663EFE}.AppStore|iPhone.ActiveCfg = AppStore|iPhone
		{2774BA33-D019-420A-B38A-8CE8CE663EFE}.AppStore|iPhone.Build.0 = AppStore|iPhone
		{95B5A9A4-E52F-4140-98EE-A1F156B34564}.Debug|Any CPU.ActiveCfg = Debug|Any CPU
		{95B5A9A4-E52F-4140-98EE-A1F156B34564}.Debug|Any CPU.Build.0 = Debug|Any CPU
		{95B5A9A4-E52F-4140-98EE-A1F156B34564}.Release|Any CPU.ActiveCfg = Release|Any CPU
		{95B5A9A4-E52F-4140-98EE-A1F156B34564}.Release|Any CPU.Build.0 = Release|Any CPU
		{95B5A9A4-E52F-4140-98EE-A1F156B34564}.Debug|iPhoneSimulator.ActiveCfg = Debug|Any CPU
		{95B5A9A4-E52F-4140-98EE-A1F156B34564}.Debug|iPhoneSimulator.Build.0 = Debug|Any CPU
		{95B5A9A4-E52F-4140-98EE-A1F156B34564}.Release|iPhoneSimulator.ActiveCfg = Release|Any CPU
		{95B5A9A4-E52F-4140-98EE-A1F156B34564}.Release|iPhoneSimulator.Build.0 = Release|Any CPU
		{95B5A9A4-E52F-4140-98EE-A1F156B34564}.Debug|iPhone.ActiveCfg = Debug|Any CPU
		{95B5A9A4-E52F-4140-98EE-A1F156B34564}.Debug|iPhone.Build.0 = Debug|Any CPU
		{95B5A9A4-E52F-4140-98EE-A1F156B34564}.Release|iPhone.ActiveCfg = Release|Any CPU
		{95B5A9A4-E52F-4140-98EE-A1F156B34564}.Release|iPhone.Build.0 = Release|Any CPU
		{95B5A9A4-E52F-4140-98EE-A1F156B34564}.Ad-Hoc|iPhone.ActiveCfg = Debug|Any CPU
		{95B5A9A4-E52F-4140-98EE-A1F156B34564}.Ad-Hoc|iPhone.Build.0 = Debug|Any CPU
		{95B5A9A4-E52F-4140-98EE-A1F156B34564}.AppStore|iPhone.ActiveCfg = Debug|Any CPU
		{95B5A9A4-E52F-4140-98EE-A1F156B34564}.AppStore|iPhone.Build.0 = Debug|Any CPU
	EndGlobalSection
EndGlobal
